
Microsoft Visual Studio Solution File, Format Version 12.00
# Visual Studio Express 2013 for Windows Desktop
VisualStudioVersion = 12.0.31101.0
MinimumVisualStudioVersion = 10.0.40219.1
Project("{8BC9CEB8-8B4A-11D0-8D11-00A0C91BC942}") = "XBox360Controller", "XBox360Controller\XBox360Controller.vcxproj", "{94EF5826-38D6-45C9-A314-27DBF0A01D2E}"
EndProject
Project("{2150E333-8FDC-42A3-9474-1A3956D46DE8}") = "Solution Items", "Solution Items", "{2BA64CA6-C17E-4E04-9A8A-E1D74A8F4065}"
	ProjectSection(SolutionItems) = preProject
		serial_motor_control.ino = serial_motor_control.ino
	EndProjectSection
EndProject
Global
	GlobalSection(SolutionConfigurationPlatforms) = preSolution
		Debug|Win32 = Debug|Win32
		Release|Win32 = Release|Win32
	EndGlobalSection
	GlobalSection(ProjectConfigurationPlatforms) = postSolution
		{94EF5826-38D6-45C9-A314-27DBF0A01D2E}.Debug|Win32.ActiveCfg = Debug|Win32
		{94EF5826-38D6-45C9-A314-27DBF0A01D2E}.Debug|Win32.Build.0 = Debug|Win32
		{94EF5826-38D6-45C9-A314-27DBF0A01D2E}.Release|Win32.ActiveCfg = Release|Win32
		{94EF5826-38D6-45C9-A314-27DBF0A01D2E}.Release|Win32.Build.0 = Release|Win32
	EndGlobalSection
	GlobalSection(SolutionProperties) = preSolution
		HideSolutionNode = FALSE
	EndGlobalSection
EndGlobal
